
Microsoft Visual Studio Solution File, Format Version 12.00
# Visual Studio 15
VisualStudioVersion = 15.0.28010.2046
MinimumVisualStudioVersion = 10.0.40219.1
Project("{FAE04EC0-301F-11D3-BF4B-00C04F79EFBC}") = "Lab5 Final", "Lab5 Final\Lab5 Final.csproj", "{182C66FD-B36C-431C-9DDA-250DDF6B624E}"
EndProject
Global
	GlobalSection(SolutionConfigurationPlatforms) = preSolution
		Debug|Any CPU = Debug|Any CPU
		Release|Any CPU = Release|Any CPU
	EndGlobalSection
	GlobalSection(ProjectConfigurationPlatforms) = postSolution
		{182C66FD-B36C-431C-9DDA-250DDF6B624E}.Debug|Any CPU.ActiveCfg = Debug|Any CPU
		{182C66FD-B36C-431C-9DDA-250DDF6B624E}.Debug|Any CPU.Build.0 = Debug|Any CPU
		{182C66FD-B36C-431C-9DDA-250DDF6B624E}.Release|Any CPU.ActiveCfg = Release|Any CPU
		{182C66FD-B36C-431C-9DDA-250DDF6B624E}.Release|Any CPU.Build.0 = Release|Any CPU
	EndGlobalSection
	GlobalSection(SolutionProperties) = preSolution
		HideSolutionNode = FALSE
	EndGlobalSection
	GlobalSection(ExtensibilityGlobals) = postSolution
		SolutionGuid = {71BE283E-7233-4AB9-9996-CA1BDF7D8D14}
	EndGlobalSection
EndGlobal
